
Microsoft Visual Studio Solution File, Format Version 12.00
# Visual Studio Version 16
VisualStudioVersion = 16.0.33027.164
MinimumVisualStudioVersion = 10.0.40219.1
Project("{FAE04EC0-301F-11D3-BF4B-00C04F79EFBC}") = "1", "1\1.csproj", "{93B0B377-167A-4EFB-BF3E-219174C5343A}"
EndProject
Global
	GlobalSection(SolutionConfigurationPlatforms) = preSolution
		Debug|Any CPU = Debug|Any CPU
		Release|Any CPU = Release|Any CPU
	EndGlobalSection
	GlobalSection(ProjectConfigurationPlatforms) = postSolution
		{93B0B377-167A-4EFB-BF3E-219174C5343A}.Debug|Any CPU.ActiveCfg = Debug|Any CPU
		{93B0B377-167A-4EFB-BF3E-219174C5343A}.Debug|Any CPU.Build.0 = Debug|Any CPU
		{93B0B377-167A-4EFB-BF3E-219174C5343A}.Release|Any CPU.ActiveCfg = Release|Any CPU
		{93B0B377-167A-4EFB-BF3E-219174C5343A}.Release|Any CPU.Build.0 = Release|Any CPU
	EndGlobalSection
	GlobalSection(SolutionProperties) = preSolution
		HideSolutionNode = FALSE
	EndGlobalSection
	GlobalSection(ExtensibilityGlobals) = postSolution
		SolutionGuid = {E5772780-8CE2-4741-B87C-CF78C14E8160}
	EndGlobalSection
EndGlobal
